
Microsoft Visual Studio Solution File, Format Version 12.00
# Visual Studio Version 17
VisualStudioVersion = 17.0.32112.339
MinimumVisualStudioVersion = 10.0.40219.1
Project("{9A19103F-16F7-4668-BE54-9A1E7A4F7556}") = "CaesarsCipher", "CaesarsCipher\CaesarsCipher.csproj", "{01ECA992-5E59-45B9-8BC6-497D94C7796C}"
EndProject
Project("{FAE04EC0-301F-11D3-BF4B-00C04F79EFBC}") = "CaesarsCipher.Test", "CaesarsCipher.Test\CaesarsCipher.Test.csproj", "{99312541-3ABB-4983-A75E-8ADEE4CC0DB5}"
EndProject
Global
	GlobalSection(SolutionConfigurationPlatforms) = preSolution
		Debug|Any CPU = Debug|Any CPU
		Release|Any CPU = Release|Any CPU
	EndGlobalSection
	GlobalSection(ProjectConfigurationPlatforms) = postSolution
		{01ECA992-5E59-45B9-8BC6-497D94C7796C}.Debug|Any CPU.ActiveCfg = Debug|Any CPU
		{01ECA992-5E59-45B9-8BC6-497D94C7796C}.Debug|Any CPU.Build.0 = Debug|Any CPU
		{01ECA992-5E59-45B9-8BC6-497D94C7796C}.Release|Any CPU.ActiveCfg = Release|Any CPU
		{01ECA992-5E59-45B9-8BC6-497D94C7796C}.Release|Any CPU.Build.0 = Release|Any CPU
		{99312541-3ABB-4983-A75E-8ADEE4CC0DB5}.Debug|Any CPU.ActiveCfg = Debug|Any CPU
		{99312541-3ABB-4983-A75E-8ADEE4CC0DB5}.Debug|Any CPU.Build.0 = Debug|Any CPU
		{99312541-3ABB-4983-A75E-8ADEE4CC0DB5}.Release|Any CPU.ActiveCfg = Release|Any CPU
		{99312541-3ABB-4983-A75E-8ADEE4CC0DB5}.Release|Any CPU.Build.0 = Release|Any CPU
	EndGlobalSection
	GlobalSection(SolutionProperties) = preSolution
		HideSolutionNode = FALSE
	EndGlobalSection
	GlobalSection(ExtensibilityGlobals) = postSolution
		SolutionGuid = {2BD0C982-4D49-4602-95BF-A0D386D2A734}
	EndGlobalSection
EndGlobal
